// !$*UTF8*$!
{
	archiveVersion = 1;
	classes = {
	};
	objectVersion = 45;
	objects = {

/* Begin PBXBuildFile section */
		1D3623260D0F684500981E51 /* RAMIAppDelegate.m in Sources */ = {isa = PBXBuildFile; fileRef = 1D3623250D0F684500981E51 /* RAMIAppDelegate.m */; };
		1D60589B0D05DD56006BFB54 /* main.m in Sources */ = {isa = PBXBuildFile; fileRef = 29B97316FDCFA39411CA2CEA /* main.m */; };
		1D60589F0D05DD5A006BFB54 /* Foundation.framework in Frameworks */ = {isa = PBXBuildFile; fileRef = 1D30AB110D05D00D00671497 /* Foundation.framework */; };
		1DF5F4E00D08C38300B7A737 /* UIKit.framework in Frameworks */ = {isa = PBXBuildFile; fileRef = 1DF5F4DF0D08C38300B7A737 /* UIKit.framework */; };
		288765FD0DF74451002DB57D /* CoreGraphics.framework in Frameworks */ = {isa = PBXBuildFile; fileRef = 288765FC0DF74451002DB57D /* CoreGraphics.framework */; };
		28AD733F0D9D9553002E5188 /* MainWindow.xib in Resources */ = {isa = PBXBuildFile; fileRef = 28AD733E0D9D9553002E5188 /* MainWindow.xib */; };
		92591229118BEC02008C6386 /* candy_0.png in Resources */ = {isa = PBXBuildFile; fileRef = 92591213118BEC01008C6386 /* candy_0.png */; };
		9259122A118BEC02008C6386 /* candy_1.png in Resources */ = {isa = PBXBuildFile; fileRef = 92591214118BEC01008C6386 /* candy_1.png */; };
		9259122C118BEC02008C6386 /* left_1_lower.png in Resources */ = {isa = PBXBuildFile; fileRef = 92591216118BEC01008C6386 /* left_1_lower.png */; };
		9259122D118BEC02008C6386 /* left_1_upper.png in Resources */ = {isa = PBXBuildFile; fileRef = 92591217118BEC01008C6386 /* left_1_upper.png */; };
		9259122E118BEC02008C6386 /* left_2_lower.png in Resources */ = {isa = PBXBuildFile; fileRef = 92591218118BEC01008C6386 /* left_2_lower.png */; };
		9259122F118BEC02008C6386 /* left_2_upper.png in Resources */ = {isa = PBXBuildFile; fileRef = 92591219118BEC01008C6386 /* left_2_upper.png */; };
		92591231118BEC02008C6386 /* left_3_upper.png in Resources */ = {isa = PBXBuildFile; fileRef = 9259121B118BEC02008C6386 /* left_3_upper.png */; };
		92591234118BEC02008C6386 /* right_1_lower.png in Resources */ = {isa = PBXBuildFile; fileRef = 9259121E118BEC02008C6386 /* right_1_lower.png */; };
		92591235118BEC02008C6386 /* right_1_upper.png in Resources */ = {isa = PBXBuildFile; fileRef = 9259121F118BEC02008C6386 /* right_1_upper.png */; };
		92591236118BEC02008C6386 /* right_2_lower.png in Resources */ = {isa = PBXBuildFile; fileRef = 92591220118BEC02008C6386 /* right_2_lower.png */; };
		92591237118BEC02008C6386 /* right_2_upper.png in Resources */ = {isa = PBXBuildFile; fileRef = 92591221118BEC02008C6386 /* right_2_upper.png */; };
		92591239118BEC02008C6386 /* right_3_upper.png in Resources */ = {isa = PBXBuildFile; fileRef = 92591223118BEC02008C6386 /* right_3_upper.png */; };
		9259123C118BEC02008C6386 /* switch_0.png in Resources */ = {isa = PBXBuildFile; fileRef = 92591226118BEC02008C6386 /* switch_0.png */; };
		9259123D118BEC02008C6386 /* switch_1.png in Resources */ = {isa = PBXBuildFile; fileRef = 92591227118BEC02008C6386 /* switch_1.png */; };
		9259123E118BEC02008C6386 /* switch.png in Resources */ = {isa = PBXBuildFile; fileRef = 92591228118BEC02008C6386 /* switch.png */; };
		92591240118BEEBC008C6386 /* candy_dropper.png in Resources */ = {isa = PBXBuildFile; fileRef = 9259123F118BEEBC008C6386 /* candy_dropper.png */; };
		92591244118CC4D9008C6386 /* 1_upper_candy.png in Resources */ = {isa = PBXBuildFile; fileRef = 92591241118CC4D9008C6386 /* 1_upper_candy.png */; };
		92591245118CC4D9008C6386 /* 2_upper_candy.png in Resources */ = {isa = PBXBuildFile; fileRef = 92591242118CC4D9008C6386 /* 2_upper_candy.png */; };
		92591246118CC4D9008C6386 /* 3_upper_candy.png in Resources */ = {isa = PBXBuildFile; fileRef = 92591243118CC4D9008C6386 /* 3_upper_candy.png */; };
		92591248118CC98C008C6386 /* 1_lower_candy.png in Resources */ = {isa = PBXBuildFile; fileRef = 92591247118CC98C008C6386 /* 1_lower_candy.png */; };
		9259124C118CF1B7008C6386 /* 2_lower_candy.png in Resources */ = {isa = PBXBuildFile; fileRef = 9259124A118CF1B7008C6386 /* 2_lower_candy.png */; };
		9259124D118CF1B7008C6386 /* 3_lower_candy.png in Resources */ = {isa = PBXBuildFile; fileRef = 9259124B118CF1B7008C6386 /* 3_lower_candy.png */; };
		92591253118CF546008C6386 /* candy_foundation.png in Resources */ = {isa = PBXBuildFile; fileRef = 92591252118CF546008C6386 /* candy_foundation.png */; };
		92591258118CF651008C6386 /* left_3_lower.png in Resources */ = {isa = PBXBuildFile; fileRef = 92591256118CF651008C6386 /* left_3_lower.png */; };
		9259125C118CF726008C6386 /* left_4_lower.png in Resources */ = {isa = PBXBuildFile; fileRef = 9259125A118CF726008C6386 /* left_4_lower.png */; };
		9259125D118CF726008C6386 /* right_4_lower.png in Resources */ = {isa = PBXBuildFile; fileRef = 9259125B118CF726008C6386 /* right_4_lower.png */; };
		92591260118CF819008C6386 /* left_4_upper.png in Resources */ = {isa = PBXBuildFile; fileRef = 9259125E118CF819008C6386 /* left_4_upper.png */; };
		92591261118CF819008C6386 /* right_4_upper.png in Resources */ = {isa = PBXBuildFile; fileRef = 9259125F118CF819008C6386 /* right_4_upper.png */; };
		925912F1118D1732008C6386 /* right_3_lower.png in Resources */ = {isa = PBXBuildFile; fileRef = 925912F0118D1732008C6386 /* right_3_lower.png */; };
		925912FA118D7A56008C6386 /* FormulaBoardViewController.m in Sources */ = {isa = PBXBuildFile; fileRef = 925912F8118D7A56008C6386 /* FormulaBoardViewController.m */; };
		92B860FC118296E000DC1AB1 /* GameBoardViewController.m in Sources */ = {isa = PBXBuildFile; fileRef = 92B860FA118296E000DC1AB1 /* GameBoardViewController.m */; };
		92B860FD118296E000DC1AB1 /* GameBoardViewController.xib in Resources */ = {isa = PBXBuildFile; fileRef = 92B860FB118296E000DC1AB1 /* GameBoardViewController.xib */; };
		BE01B1D811984D7000B46AB2 /* FormulaBoardViewController.xib in Resources */ = {isa = PBXBuildFile; fileRef = BE01B1D711984D7000B46AB2 /* FormulaBoardViewController.xib */; };
		BE01B1DE11984F6400B46AB2 /* blue car.gif in Resources */ = {isa = PBXBuildFile; fileRef = BE01B1DD11984F6400B46AB2 /* blue car.gif */; };
		BE2DB5A91198E677001DBE29 /* Ramp.m in Sources */ = {isa = PBXBuildFile; fileRef = BE2DB5A81198E677001DBE29 /* Ramp.m */; };
		BE2DB5B61198E758001DBE29 /* blue-ball.gif in Resources */ = {isa = PBXBuildFile; fileRef = BE2DB5B51198E758001DBE29 /* blue-ball.gif */; };
		BE8E686F119849C300C81052 /* CasinoBoardViewController.m in Sources */ = {isa = PBXBuildFile; fileRef = BE8E686D119849C300C81052 /* CasinoBoardViewController.m */; };
		BE8E6870119849C300C81052 /* CasinoBoardViewController.xib in Resources */ = {isa = PBXBuildFile; fileRef = BE8E686E119849C300C81052 /* CasinoBoardViewController.xib */; };
		BEFD20521198523C004B689D /* casino_0.png in Resources */ = {isa = PBXBuildFile; fileRef = BEFD20281198523C004B689D /* casino_0.png */; };
		BEFD20531198523C004B689D /* casino_1.png in Resources */ = {isa = PBXBuildFile; fileRef = BEFD20291198523C004B689D /* casino_1.png */; };
		BEFD20541198523C004B689D /* casino_foundation.png in Resources */ = {isa = PBXBuildFile; fileRef = BEFD202A1198523C004B689D /* casino_foundation.png */; };
		BEFD20551198523C004B689D /* casino_left_1_lower.png in Resources */ = {isa = PBXBuildFile; fileRef = BEFD202B1198523C004B689D /* casino_left_1_lower.png */; };
		BEFD20561198523C004B689D /* casino_left_1_upper.png in Resources */ = {isa = PBXBuildFile; fileRef = BEFD202C1198523C004B689D /* casino_left_1_upper.png */; };
		BEFD20571198523C004B689D /* casino_left_2_lower.png in Resources */ = {isa = PBXBuildFile; fileRef = BEFD202D1198523C004B689D /* casino_left_2_lower.png */; };
		BEFD20581198523C004B689D /* casino_left_2_upper.png in Resources */ = {isa = PBXBuildFile; fileRef = BEFD202E1198523C004B689D /* casino_left_2_upper.png */; };
		BEFD20591198523C004B689D /* casino_left_3_lower.png in Resources */ = {isa = PBXBuildFile; fileRef = BEFD202F1198523C004B689D /* casino_left_3_lower.png */; };
		BEFD205A1198523C004B689D /* casino_left_3_upper.png in Resources */ = {isa = PBXBuildFile; fileRef = BEFD20301198523C004B689D /* casino_left_3_upper.png */; };
		BEFD205B1198523C004B689D /* casino_left_4_lower.png in Resources */ = {isa = PBXBuildFile; fileRef = BEFD20311198523C004B689D /* casino_left_4_lower.png */; };
		BEFD205C1198523C004B689D /* casino_left_4_upper.png in Resources */ = {isa = PBXBuildFile; fileRef = BEFD20321198523C004B689D /* casino_left_4_upper.png */; };
		BEFD205D1198523C004B689D /* casino_one.png in Resources */ = {isa = PBXBuildFile; fileRef = BEFD20331198523C004B689D /* casino_one.png */; };
		BEFD205E1198523C004B689D /* casino_releaser.png in Resources */ = {isa = PBXBuildFile; fileRef = BEFD20341198523C004B689D /* casino_releaser.png */; };
		BEFD205F1198523C004B689D /* casino_right_1_lower.png in Resources */ = {isa = PBXBuildFile; fileRef = BEFD20351198523C004B689D /* casino_right_1_lower.png */; };
		BEFD20601198523C004B689D /* casino_right_1_upper.png in Resources */ = {isa = PBXBuildFile; fileRef = BEFD20361198523C004B689D /* casino_right_1_upper.png */; };
		BEFD20611198523C004B689D /* casino_right_2_lower.png in Resources */ = {isa = PBXBuildFile; fileRef = BEFD20371198523C004B689D /* casino_right_2_lower.png */; };
		BEFD20621198523C004B689D /* casino_right_2_upper.png in Resources */ = {isa = PBXBuildFile; fileRef = BEFD20381198523C004B689D /* casino_right_2_upper.png */; };
		BEFD20631198523C004B689D /* casino_right_3_lower.png in Resources */ = {isa = PBXBuildFile; fileRef = BEFD20391198523C004B689D /* casino_right_3_lower.png */; };
		BEFD20641198523C004B689D /* casino_right_3_upper.png in Resources */ = {isa = PBXBuildFile; fileRef = BEFD203A1198523C004B689D /* casino_right_3_upper.png */; };
		BEFD20651198523C004B689D /* casino_right_4_lower.png in Resources */ = {isa = PBXBuildFile; fileRef = BEFD203B1198523C004B689D /* casino_right_4_lower.png */; };
		BEFD20661198523C004B689D /* casino_right_4_upper.png in Resources */ = {isa = PBXBuildFile; fileRef = BEFD203C1198523C004B689D /* casino_right_4_upper.png */; };
		BEFD20671198523C004B689D /* casino_switch_0.png in Resources */ = {isa = PBXBuildFile; fileRef = BEFD203D1198523C004B689D /* casino_switch_0.png */; };
		BEFD20681198523C004B689D /* casino_switch_1.png in Resources */ = {isa = PBXBuildFile; fileRef = BEFD203E1198523C004B689D /* casino_switch_1.png */; };
		BEFD20691198523C004B689D /* formula_1_left.png in Resources */ = {isa = PBXBuildFile; fileRef = BEFD20401198523C004B689D /* formula_1_left.png */; };
		BEFD206A1198523C004B689D /* formula_1_right.png in Resources */ = {isa = PBXBuildFile; fileRef = BEFD20411198523C004B689D /* formula_1_right.png */; };
		BEFD206B1198523C004B689D /* formula_2_left.png in Resources */ = {isa = PBXBuildFile; fileRef = BEFD20421198523C004B689D /* formula_2_left.png */; };
		BEFD206C1198523C004B689D /* formula_2_right.png in Resources */ = {isa = PBXBuildFile; fileRef = BEFD20431198523C004B689D /* formula_2_right.png */; };
		BEFD206D1198523C004B689D /* formula_3_left.png in Resources */ = {isa = PBXBuildFile; fileRef = BEFD20441198523C004B689D /* formula_3_left.png */; };
		BEFD206E1198523C004B689D /* formula_3_right.png in Resources */ = {isa = PBXBuildFile; fileRef = BEFD20451198523C004B689D /* formula_3_right.png */; };
		BEFD206F1198523C004B689D /* formula_4_left.png in Resources */ = {isa = PBXBuildFile; fileRef = BEFD20461198523C004B689D /* formula_4_left.png */; };
		BEFD20701198523C004B689D /* formula_4_right.png in Resources */ = {isa = PBXBuildFile; fileRef = BEFD20471198523C004B689D /* formula_4_right.png */; };
		BEFD20711198523C004B689D /* formula_foundation.png in Resources */ = {isa = PBXBuildFile; fileRef = BEFD20481198523C004B689D /* formula_foundation.png */; };
		BEFD20721198523C004B689D /* formula_green_light.png in Resources */ = {isa = PBXBuildFile; fileRef = BEFD20491198523C004B689D /* formula_green_light.png */; };
		BEFD20731198523C004B689D /* formula_left_glow.png in Resources */ = {isa = PBXBuildFile; fileRef = BEFD204A1198523C004B689D /* formula_left_glow.png */; };
		BEFD20741198523C004B689D /* formula_one.png in Resources */ = {isa = PBXBuildFile; fileRef = BEFD204B1198523C004B689D /* formula_one.png */; };
		BEFD20751198523C004B689D /* formula_red_light.png in Resources */ = {isa = PBXBuildFile; fileRef = BEFD204C1198523C004B689D /* formula_red_light.png */; };
		BEFD20761198523C004B689D /* formula_right_glow.png in Resources */ = {isa = PBXBuildFile; fileRef = BEFD204D1198523C004B689D /* formula_right_glow.png */; };
		BEFD20771198523C004B689D /* formula_switch_0.png in Resources */ = {isa = PBXBuildFile; fileRef = BEFD204E1198523C004B689D /* formula_switch_0.png */; };
		BEFD20781198523C004B689D /* formula_switch_1.png in Resources */ = {isa = PBXBuildFile; fileRef = BEFD204F1198523C004B689D /* formula_switch_1.png */; };
		BEFD20791198523C004B689D /* formula_yellow_light.png in Resources */ = {isa = PBXBuildFile; fileRef = BEFD20501198523C004B689D /* formula_yellow_light.png */; };
		BEFD207A1198523C004B689D /* formula_zero.png in Resources */ = {isa = PBXBuildFile; fileRef = BEFD20511198523C004B689D /* formula_zero.png */; };
		BEFD208511985369004B689D /* FormulaRamp.m in Sources */ = {isa = PBXBuildFile; fileRef = BEFD208411985369004B689D /* FormulaRamp.m */; };
/* End PBXBuildFile section */

/* Begin PBXFileReference section */
		1D30AB110D05D00D00671497 /* Foundation.framework */ = {isa = PBXFileReference; lastKnownFileType = wrapper.framework; name = Foundation.framework; path = System/Library/Frameworks/Foundation.framework; sourceTree = SDKROOT; };
		1D3623240D0F684500981E51 /* RAMIAppDelegate.h */ = {isa = PBXFileReference; fileEncoding = 4; lastKnownFileType = sourcecode.c.h; path = RAMIAppDelegate.h; sourceTree = "<group>"; };
		1D3623250D0F684500981E51 /* RAMIAppDelegate.m */ = {isa = PBXFileReference; fileEncoding = 4; lastKnownFileType = sourcecode.c.objc; path = RAMIAppDelegate.m; sourceTree = "<group>"; };
		1D6058910D05DD3D006BFB54 /* RAMI.app */ = {isa = PBXFileReference; explicitFileType = wrapper.application; includeInIndex = 0; path = RAMI.app; sourceTree = BUILT_PRODUCTS_DIR; };
		1DF5F4DF0D08C38300B7A737 /* UIKit.framework */ = {isa = PBXFileReference; lastKnownFileType = wrapper.framework; name = UIKit.framework; path = System/Library/Frameworks/UIKit.framework; sourceTree = SDKROOT; };
		288765FC0DF74451002DB57D /* CoreGraphics.framework */ = {isa = PBXFileReference; lastKnownFileType = wrapper.framework; name = CoreGraphics.framework; path = System/Library/Frameworks/CoreGraphics.framework; sourceTree = SDKROOT; };
		28AD733E0D9D9553002E5188 /* MainWindow.xib */ = {isa = PBXFileReference; lastKnownFileType = file.xib; path = MainWindow.xib; sourceTree = "<group>"; };
		29B97316FDCFA39411CA2CEA /* main.m */ = {isa = PBXFileReference; fileEncoding = 4; lastKnownFileType = sourcecode.c.objc; path = main.m; sourceTree = "<group>"; };
		32CA4F630368D1EE00C91783 /* RAMI_Prefix.pch */ = {isa = PBXFileReference; fileEncoding = 4; lastKnownFileType = sourcecode.c.h; path = RAMI_Prefix.pch; sourceTree = "<group>"; };
		8D1107310486CEB800E47090 /* RAMI-Info.plist */ = {isa = PBXFileReference; fileEncoding = 4; lastKnownFileType = text.plist.xml; path = "RAMI-Info.plist"; plistStructureDefinitionIdentifier = "com.apple.xcode.plist.structure-definition.iphone.info-plist"; sourceTree = "<group>"; };
		92591213118BEC01008C6386 /* candy_0.png */ = {isa = PBXFileReference; lastKnownFileType = image.png; path = candy_0.png; sourceTree = "<group>"; };
		92591214118BEC01008C6386 /* candy_1.png */ = {isa = PBXFileReference; lastKnownFileType = image.png; path = candy_1.png; sourceTree = "<group>"; };
		92591216118BEC01008C6386 /* left_1_lower.png */ = {isa = PBXFileReference; lastKnownFileType = image.png; path = left_1_lower.png; sourceTree = "<group>"; };
		92591217118BEC01008C6386 /* left_1_upper.png */ = {isa = PBXFileReference; lastKnownFileType = image.png; path = left_1_upper.png; sourceTree = "<group>"; };
		92591218118BEC01008C6386 /* left_2_lower.png */ = {isa = PBXFileReference; lastKnownFileType = image.png; path = left_2_lower.png; sourceTree = "<group>"; };
		92591219118BEC01008C6386 /* left_2_upper.png */ = {isa = PBXFileReference; lastKnownFileType = image.png; path = left_2_upper.png; sourceTree = "<group>"; };
		9259121B118BEC02008C6386 /* left_3_upper.png */ = {isa = PBXFileReference; lastKnownFileType = image.png; path = left_3_upper.png; sourceTree = "<group>"; };
		9259121E118BEC02008C6386 /* right_1_lower.png */ = {isa = PBXFileReference; lastKnownFileType = image.png; path = right_1_lower.png; sourceTree = "<group>"; };
		9259121F118BEC02008C6386 /* right_1_upper.png */ = {isa = PBXFileReference; lastKnownFileType = image.png; path = right_1_upper.png; sourceTree = "<group>"; };
		92591220118BEC02008C6386 /* right_2_lower.png */ = {isa = PBXFileReference; lastKnownFileType = image.png; path = right_2_lower.png; sourceTree = "<group>"; };
		92591221118BEC02008C6386 /* right_2_upper.png */ = {isa = PBXFileReference; lastKnownFileType = image.png; path = right_2_upper.png; sourceTree = "<group>"; };
		92591223118BEC02008C6386 /* right_3_upper.png */ = {isa = PBXFileReference; lastKnownFileType = image.png; path = right_3_upper.png; sourceTree = "<group>"; };
		92591226118BEC02008C6386 /* switch_0.png */ = {isa = PBXFileReference; lastKnownFileType = image.png; path = switch_0.png; sourceTree = "<group>"; };
		92591227118BEC02008C6386 /* switch_1.png */ = {isa = PBXFileReference; lastKnownFileType = image.png; path = switch_1.png; sourceTree = "<group>"; };
		92591228118BEC02008C6386 /* switch.png */ = {isa = PBXFileReference; lastKnownFileType = image.png; path = switch.png; sourceTree = "<group>"; };
		9259123F118BEEBC008C6386 /* candy_dropper.png */ = {isa = PBXFileReference; lastKnownFileType = image.png; path = candy_dropper.png; sourceTree = "<group>"; };
		92591241118CC4D9008C6386 /* 1_upper_candy.png */ = {isa = PBXFileReference; lastKnownFileType = image.png; path = 1_upper_candy.png; sourceTree = "<group>"; };
		92591242118CC4D9008C6386 /* 2_upper_candy.png */ = {isa = PBXFileReference; lastKnownFileType = image.png; path = 2_upper_candy.png; sourceTree = "<group>"; };
		92591243118CC4D9008C6386 /* 3_upper_candy.png */ = {isa = PBXFileReference; lastKnownFileType = image.png; path = 3_upper_candy.png; sourceTree = "<group>"; };
		92591247118CC98C008C6386 /* 1_lower_candy.png */ = {isa = PBXFileReference; lastKnownFileType = image.png; path = 1_lower_candy.png; sourceTree = "<group>"; };
		9259124A118CF1B7008C6386 /* 2_lower_candy.png */ = {isa = PBXFileReference; lastKnownFileType = image.png; path = 2_lower_candy.png; sourceTree = "<group>"; };
		9259124B118CF1B7008C6386 /* 3_lower_candy.png */ = {isa = PBXFileReference; lastKnownFileType = image.png; path = 3_lower_candy.png; sourceTree = "<group>"; };
		92591252118CF546008C6386 /* candy_foundation.png */ = {isa = PBXFileReference; lastKnownFileType = image.png; path = candy_foundation.png; sourceTree = "<group>"; };
		92591256118CF651008C6386 /* left_3_lower.png */ = {isa = PBXFileReference; lastKnownFileType = image.png; path = left_3_lower.png; sourceTree = "<group>"; };
		9259125A118CF726008C6386 /* left_4_lower.png */ = {isa = PBXFileReference; lastKnownFileType = image.png; path = left_4_lower.png; sourceTree = "<group>"; };
		9259125B118CF726008C6386 /* right_4_lower.png */ = {isa = PBXFileReference; lastKnownFileType = image.png; path = right_4_lower.png; sourceTree = "<group>"; };
		9259125E118CF819008C6386 /* left_4_upper.png */ = {isa = PBXFileReference; lastKnownFileType = image.png; path = left_4_upper.png; sourceTree = "<group>"; };
		9259125F118CF819008C6386 /* right_4_upper.png */ = {isa = PBXFileReference; lastKnownFileType = image.png; path = right_4_upper.png; sourceTree = "<group>"; };
		925912F0118D1732008C6386 /* right_3_lower.png */ = {isa = PBXFileReference; lastKnownFileType = image.png; path = right_3_lower.png; sourceTree = "<group>"; };
		925912F7118D7A56008C6386 /* FormulaBoardViewController.h */ = {isa = PBXFileReference; fileEncoding = 4; lastKnownFileType = sourcecode.c.h; path = FormulaBoardViewController.h; sourceTree = "<group>"; };
		925912F8118D7A56008C6386 /* FormulaBoardViewController.m */ = {isa = PBXFileReference; fileEncoding = 4; lastKnownFileType = sourcecode.c.objc; path = FormulaBoardViewController.m; sourceTree = "<group>"; };
		92B860F9118296DF00DC1AB1 /* GameBoardViewController.h */ = {isa = PBXFileReference; fileEncoding = 4; lastKnownFileType = sourcecode.c.h; path = GameBoardViewController.h; sourceTree = "<group>"; };
		92B860FA118296E000DC1AB1 /* GameBoardViewController.m */ = {isa = PBXFileReference; fileEncoding = 4; lastKnownFileType = sourcecode.c.objc; path = GameBoardViewController.m; sourceTree = "<group>"; };
		92B860FB118296E000DC1AB1 /* GameBoardViewController.xib */ = {isa = PBXFileReference; lastKnownFileType = file.xib; path = GameBoardViewController.xib; sourceTree = "<group>"; };
		BE01B1D711984D7000B46AB2 /* FormulaBoardViewController.xib */ = {isa = PBXFileReference; lastKnownFileType = file.xib; path = FormulaBoardViewController.xib; sourceTree = "<group>"; };
		BE01B1DD11984F6400B46AB2 /* blue car.gif */ = {isa = PBXFileReference; lastKnownFileType = image.gif; path = "blue car.gif"; sourceTree = "<group>"; };
		BE2DB5A71198E677001DBE29 /* Ramp.h */ = {isa = PBXFileReference; fileEncoding = 4; lastKnownFileType = sourcecode.c.h; path = Ramp.h; sourceTree = "<group>"; };
		BE2DB5A81198E677001DBE29 /* Ramp.m */ = {isa = PBXFileReference; fileEncoding = 4; lastKnownFileType = sourcecode.c.objc; path = Ramp.m; sourceTree = "<group>"; };
		BE2DB5B51198E758001DBE29 /* blue-ball.gif */ = {isa = PBXFileReference; lastKnownFileType = image.gif; path = "blue-ball.gif"; sourceTree = "<group>"; };
		BE8E686C119849C300C81052 /* CasinoBoardViewController.h */ = {isa = PBXFileReference; fileEncoding = 4; lastKnownFileType = sourcecode.c.h; path = CasinoBoardViewController.h; sourceTree = "<group>"; };
		BE8E686D119849C300C81052 /* CasinoBoardViewController.m */ = {isa = PBXFileReference; fileEncoding = 4; lastKnownFileType = sourcecode.c.objc; path = CasinoBoardViewController.m; sourceTree = "<group>"; };
		BE8E686E119849C300C81052 /* CasinoBoardViewController.xib */ = {isa = PBXFileReference; lastKnownFileType = file.xib; path = CasinoBoardViewController.xib; sourceTree = "<group>"; };
		BEFD20281198523C004B689D /* casino_0.png */ = {isa = PBXFileReference; lastKnownFileType = image.png; path = casino_0.png; sourceTree = "<group>"; };
		BEFD20291198523C004B689D /* casino_1.png */ = {isa = PBXFileReference; lastKnownFileType = image.png; path = casino_1.png; sourceTree = "<group>"; };
		BEFD202A1198523C004B689D /* casino_foundation.png */ = {isa = PBXFileReference; lastKnownFileType = image.png; path = casino_foundation.png; sourceTree = "<group>"; };
		BEFD202B1198523C004B689D /* casino_left_1_lower.png */ = {isa = PBXFileReference; lastKnownFileType = image.png; path = casino_left_1_lower.png; sourceTree = "<group>"; };
		BEFD202C1198523C004B689D /* casino_left_1_upper.png */ = {isa = PBXFileReference; lastKnownFileType = image.png; path = casino_left_1_upper.png; sourceTree = "<group>"; };
		BEFD202D1198523C004B689D /* casino_left_2_lower.png */ = {isa = PBXFileReference; lastKnownFileType = image.png; path = casino_left_2_lower.png; sourceTree = "<group>"; };
		BEFD202E1198523C004B689D /* casino_left_2_upper.png */ = {isa = PBXFileReference; lastKnownFileType = image.png; path = casino_left_2_upper.png; sourceTree = "<group>"; };
		BEFD202F1198523C004B689D /* casino_left_3_lower.png */ = {isa = PBXFileReference; lastKnownFileType = image.png; path = casino_left_3_lower.png; sourceTree = "<group>"; };
		BEFD20301198523C004B689D /* casino_left_3_upper.png */ = {isa = PBXFileReference; lastKnownFileType = image.png; path = casino_left_3_upper.png; sourceTree = "<group>"; };
		BEFD20311198523C004B689D /* casino_left_4_lower.png */ = {isa = PBXFileReference; lastKnownFileType = image.png; path = casino_left_4_lower.png; sourceTree = "<group>"; };
		BEFD20321198523C004B689D /* casino_left_4_upper.png */ = {isa = PBXFileReference; lastKnownFileType = image.png; path = casino_left_4_upper.png; sourceTree = "<group>"; };
		BEFD20331198523C004B689D /* casino_one.png */ = {isa = PBXFileReference; lastKnownFileType = image.png; path = casino_one.png; sourceTree = "<group>"; };
		BEFD20341198523C004B689D /* casino_releaser.png */ = {isa = PBXFileReference; lastKnownFileType = image.png; path = casino_releaser.png; sourceTree = "<group>"; };
		BEFD20351198523C004B689D /* casino_right_1_lower.png */ = {isa = PBXFileReference; lastKnownFileType = image.png; path = casino_right_1_lower.png; sourceTree = "<group>"; };
		BEFD20361198523C004B689D /* casino_right_1_upper.png */ = {isa = PBXFileReference; lastKnownFileType = image.png; path = casino_right_1_upper.png; sourceTree = "<group>"; };
		BEFD20371198523C004B689D /* casino_right_2_lower.png */ = {isa = PBXFileReference; lastKnownFileType = image.png; path = casino_right_2_lower.png; sourceTree = "<group>"; };
		BEFD20381198523C004B689D /* casino_right_2_upper.png */ = {isa = PBXFileReference; lastKnownFileType = image.png; path = casino_right_2_upper.png; sourceTree = "<group>"; };
		BEFD20391198523C004B689D /* casino_right_3_lower.png */ = {isa = PBXFileReference; lastKnownFileType = image.png; path = casino_right_3_lower.png; sourceTree = "<group>"; };
		BEFD203A1198523C004B689D /* casino_right_3_upper.png */ = {isa = PBXFileReference; lastKnownFileType = image.png; path = casino_right_3_upper.png; sourceTree = "<group>"; };
		BEFD203B1198523C004B689D /* casino_right_4_lower.png */ = {isa = PBXFileReference; lastKnownFileType = image.png; path = casino_right_4_lower.png; sourceTree = "<group>"; };
		BEFD203C1198523C004B689D /* casino_right_4_upper.png */ = {isa = PBXFileReference; lastKnownFileType = image.png; path = casino_right_4_upper.png; sourceTree = "<group>"; };
		BEFD203D1198523C004B689D /* casino_switch_0.png */ = {isa = PBXFileReference; lastKnownFileType = image.png; path = casino_switch_0.png; sourceTree = "<group>"; };
		BEFD203E1198523C004B689D /* casino_switch_1.png */ = {isa = PBXFileReference; lastKnownFileType = image.png; path = casino_switch_1.png; sourceTree = "<group>"; };
		BEFD20401198523C004B689D /* formula_1_left.png */ = {isa = PBXFileReference; lastKnownFileType = image.png; path = formula_1_left.png; sourceTree = "<group>"; };
		BEFD20411198523C004B689D /* formula_1_right.png */ = {isa = PBXFileReference; lastKnownFileType = image.png; path = formula_1_right.png; sourceTree = "<group>"; };
		BEFD20421198523C004B689D /* formula_2_left.png */ = {isa = PBXFileReference; lastKnownFileType = image.png; path = formula_2_left.png; sourceTree = "<group>"; };
		BEFD20431198523C004B689D /* formula_2_right.png */ = {isa = PBXFileReference; lastKnownFileType = image.png; path = formula_2_right.png; sourceTree = "<group>"; };
		BEFD20441198523C004B689D /* formula_3_left.png */ = {isa = PBXFileReference; lastKnownFileType = image.png; path = formula_3_left.png; sourceTree = "<group>"; };
		BEFD20451198523C004B689D /* formula_3_right.png */ = {isa = PBXFileReference; lastKnownFileType = image.png; path = formula_3_right.png; sourceTree = "<group>"; };
		BEFD20461198523C004B689D /* formula_4_left.png */ = {isa = PBXFileReference; lastKnownFileType = image.png; path = formula_4_left.png; sourceTree = "<group>"; };
		BEFD20471198523C004B689D /* formula_4_right.png */ = {isa = PBXFileReference; lastKnownFileType = image.png; path = formula_4_right.png; sourceTree = "<group>"; };
		BEFD20481198523C004B689D /* formula_foundation.png */ = {isa = PBXFileReference; lastKnownFileType = image.png; path = formula_foundation.png; sourceTree = "<group>"; };
		BEFD20491198523C004B689D /* formula_green_light.png */ = {isa = PBXFileReference; lastKnownFileType = image.png; path = formula_green_light.png; sourceTree = "<group>"; };
		BEFD204A1198523C004B689D /* formula_left_glow.png */ = {isa = PBXFileReference; lastKnownFileType = image.png; path = formula_left_glow.png; sourceTree = "<group>"; };
		BEFD204B1198523C004B689D /* formula_one.png */ = {isa = PBXFileReference; lastKnownFileType = image.png; path = formula_one.png; sourceTree = "<group>"; };
		BEFD204C1198523C004B689D /* formula_red_light.png */ = {isa = PBXFileReference; lastKnownFileType = image.png; path = formula_red_light.png; sourceTree = "<group>"; };
		BEFD204D1198523C004B689D /* formula_right_glow.png */ = {isa = PBXFileReference; lastKnownFileType = image.png; path = formula_right_glow.png; sourceTree = "<group>"; };
		BEFD204E1198523C004B689D /* formula_switch_0.png */ = {isa = PBXFileReference; lastKnownFileType = image.png; path = formula_switch_0.png; sourceTree = "<group>"; };
		BEFD204F1198523C004B689D /* formula_switch_1.png */ = {isa = PBXFileReference; lastKnownFileType = image.png; path = formula_switch_1.png; sourceTree = "<group>"; };
		BEFD20501198523C004B689D /* formula_yellow_light.png */ = {isa = PBXFileReference; lastKnownFileType = image.png; path = formula_yellow_light.png; sourceTree = "<group>"; };
		BEFD20511198523C004B689D /* formula_zero.png */ = {isa = PBXFileReference; lastKnownFileType = image.png; path = formula_zero.png; sourceTree = "<group>"; };
		BEFD208311985351004B689D /* FormulaRamp.h */ = {isa = PBXFileReference; fileEncoding = 4; lastKnownFileType = sourcecode.c.h; path = FormulaRamp.h; sourceTree = "<group>"; };
		BEFD208411985369004B689D /* FormulaRamp.m */ = {isa = PBXFileReference; fileEncoding = 4; lastKnownFileType = sourcecode.c.objc; path = FormulaRamp.m; sourceTree = "<group>"; };
/* End PBXFileReference section */

/* Begin PBXFrameworksBuildPhase section */
		1D60588F0D05DD3D006BFB54 /* Frameworks */ = {
			isa = PBXFrameworksBuildPhase;
			buildActionMask = 2147483647;
			files = (
				1D60589F0D05DD5A006BFB54 /* Foundation.framework in Frameworks */,
				1DF5F4E00D08C38300B7A737 /* UIKit.framework in Frameworks */,
				288765FD0DF74451002DB57D /* CoreGraphics.framework in Frameworks */,
			);
			runOnlyForDeploymentPostprocessing = 0;
		};
/* End PBXFrameworksBuildPhase section */

/* Begin PBXGroup section */
		080E96DDFE201D6D7F000001 /* Classes */ = {
			isa = PBXGroup;
			children = (
				1D3623240D0F684500981E51 /* RAMIAppDelegate.h */,
				1D3623250D0F684500981E51 /* RAMIAppDelegate.m */,
			);
			path = Classes;
			sourceTree = "<group>";
		};
		19C28FACFE9D520D11CA2CBB /* Products */ = {
			isa = PBXGroup;
			children = (
				1D6058910D05DD3D006BFB54 /* RAMI.app */,
			);
			name = Products;
			sourceTree = "<group>";
		};
		29B97314FDCFA39411CA2CEA /* CustomTemplate */ = {
			isa = PBXGroup;
			children = (
				080E96DDFE201D6D7F000001 /* Classes */,
				29B97315FDCFA39411CA2CEA /* Other Sources */,
				29B97317FDCFA39411CA2CEA /* Resources */,
				29B97323FDCFA39411CA2CEA /* Frameworks */,
				19C28FACFE9D520D11CA2CBB /* Products */,
				92B860F9118296DF00DC1AB1 /* GameBoardViewController.h */,
				92B860FA118296E000DC1AB1 /* GameBoardViewController.m */,
				92B860FB118296E000DC1AB1 /* GameBoardViewController.xib */,
				925912F7118D7A56008C6386 /* FormulaBoardViewController.h */,
				925912F8118D7A56008C6386 /* FormulaBoardViewController.m */,
				BE01B1D711984D7000B46AB2 /* FormulaBoardViewController.xib */,
				BE8E686C119849C300C81052 /* CasinoBoardViewController.h */,
				BE8E686D119849C300C81052 /* CasinoBoardViewController.m */,
				BE8E686E119849C300C81052 /* CasinoBoardViewController.xib */,
				BE2DB5A71198E677001DBE29 /* Ramp.h */,
				BE2DB5A81198E677001DBE29 /* Ramp.m */,
				BEFD208311985351004B689D /* FormulaRamp.h */,
				BEFD208411985369004B689D /* FormulaRamp.m */,
				BEFD20271198523C004B689D /* casinoskins */,
				BEFD203F1198523C004B689D /* formulaskins */,
				92591211118BEBE5008C6386 /* candyskins */,
			);
			name = CustomTemplate;
			sourceTree = "<group>";
		};
		29B97315FDCFA39411CA2CEA /* Other Sources */ = {
			isa = PBXGroup;
			children = (
				32CA4F630368D1EE00C91783 /* RAMI_Prefix.pch */,
				29B97316FDCFA39411CA2CEA /* main.m */,
			);
			name = "Other Sources";
			sourceTree = "<group>";
		};
		29B97317FDCFA39411CA2CEA /* Resources */ = {
			isa = PBXGroup;
			children = (
				BE01B1DD11984F6400B46AB2 /* blue car.gif */,
				BE2DB5B51198E758001DBE29 /* blue-ball.gif */,
				28AD733E0D9D9553002E5188 /* MainWindow.xib */,
				8D1107310486CEB800E47090 /* RAMI-Info.plist */,
			);
			name = Resources;
			sourceTree = "<group>";
		};
		29B97323FDCFA39411CA2CEA /* Frameworks */ = {
			isa = PBXGroup;
			children = (
				1DF5F4DF0D08C38300B7A737 /* UIKit.framework */,
				1D30AB110D05D00D00671497 /* Foundation.framework */,
				288765FC0DF74451002DB57D /* CoreGraphics.framework */,
			);
			name = Frameworks;
			sourceTree = "<group>";
		};
		92591211118BEBE5008C6386 /* candyskins */ = {
			isa = PBXGroup;
			children = (
				925912F0118D1732008C6386 /* right_3_lower.png */,
				9259125A118CF726008C6386 /* left_4_lower.png */,
				9259125E118CF819008C6386 /* left_4_upper.png */,
				9259125F118CF819008C6386 /* right_4_upper.png */,
				9259125B118CF726008C6386 /* right_4_lower.png */,
				92591252118CF546008C6386 /* candy_foundation.png */,
				92591256118CF651008C6386 /* left_3_lower.png */,
				9259124A118CF1B7008C6386 /* 2_lower_candy.png */,
				9259124B118CF1B7008C6386 /* 3_lower_candy.png */,
				92591247118CC98C008C6386 /* 1_lower_candy.png */,
				92591241118CC4D9008C6386 /* 1_upper_candy.png */,
				92591242118CC4D9008C6386 /* 2_upper_candy.png */,
				92591243118CC4D9008C6386 /* 3_upper_candy.png */,
				9259123F118BEEBC008C6386 /* candy_dropper.png */,
				92591213118BEC01008C6386 /* candy_0.png */,
				92591214118BEC01008C6386 /* candy_1.png */,
				92591216118BEC01008C6386 /* left_1_lower.png */,
				92591217118BEC01008C6386 /* left_1_upper.png */,
				92591218118BEC01008C6386 /* left_2_lower.png */,
				92591219118BEC01008C6386 /* left_2_upper.png */,
				9259121B118BEC02008C6386 /* left_3_upper.png */,
				9259121E118BEC02008C6386 /* right_1_lower.png */,
				9259121F118BEC02008C6386 /* right_1_upper.png */,
				92591220118BEC02008C6386 /* right_2_lower.png */,
				92591221118BEC02008C6386 /* right_2_upper.png */,
				92591223118BEC02008C6386 /* right_3_upper.png */,
				92591226118BEC02008C6386 /* switch_0.png */,
				92591227118BEC02008C6386 /* switch_1.png */,
				92591228118BEC02008C6386 /* switch.png */,
			);
			name = candyskins;
			sourceTree = "<group>";
		};
		BEFD20271198523C004B689D /* casinoskins */ = {
			isa = PBXGroup;
			children = (
				BEFD20281198523C004B689D /* casino_0.png */,
				BEFD20291198523C004B689D /* casino_1.png */,
				BEFD202A1198523C004B689D /* casino_foundation.png */,
				BEFD202B1198523C004B689D /* casino_left_1_lower.png */,
				BEFD202C1198523C004B689D /* casino_left_1_upper.png */,
				BEFD202D1198523C004B689D /* casino_left_2_lower.png */,
				BEFD202E1198523C004B689D /* casino_left_2_upper.png */,
				BEFD202F1198523C004B689D /* casino_left_3_lower.png */,
				BEFD20301198523C004B689D /* casino_left_3_upper.png */,
				BEFD20311198523C004B689D /* casino_left_4_lower.png */,
				BEFD20321198523C004B689D /* casino_left_4_upper.png */,
				BEFD20331198523C004B689D /* casino_one.png */,
				BEFD20341198523C004B689D /* casino_releaser.png */,
				BEFD20351198523C004B689D /* casino_right_1_lower.png */,
				BEFD20361198523C004B689D /* casino_right_1_upper.png */,
				BEFD20371198523C004B689D /* casino_right_2_lower.png */,
				BEFD20381198523C004B689D /* casino_right_2_upper.png */,
				BEFD20391198523C004B689D /* casino_right_3_lower.png */,
				BEFD203A1198523C004B689D /* casino_right_3_upper.png */,
				BEFD203B1198523C004B689D /* casino_right_4_lower.png */,
				BEFD203C1198523C004B689D /* casino_right_4_upper.png */,
				BEFD203D1198523C004B689D /* casino_switch_0.png */,
				BEFD203E1198523C004B689D /* casino_switch_1.png */,
			);
			path = casinoskins;
			sourceTree = "<group>";
		};
		BEFD203F1198523C004B689D /* formulaskins */ = {
			isa = PBXGroup;
			children = (
				BEFD20401198523C004B689D /* formula_1_left.png */,
				BEFD20411198523C004B689D /* formula_1_right.png */,
				BEFD20421198523C004B689D /* formula_2_left.png */,
				BEFD20431198523C004B689D /* formula_2_right.png */,
				BEFD20441198523C004B689D /* formula_3_left.png */,
				BEFD20451198523C004B689D /* formula_3_right.png */,
				BEFD20461198523C004B689D /* formula_4_left.png */,
				BEFD20471198523C004B689D /* formula_4_right.png */,
				BEFD20481198523C004B689D /* formula_foundation.png */,
				BEFD20491198523C004B689D /* formula_green_light.png */,
				BEFD204A1198523C004B689D /* formula_left_glow.png */,
				BEFD204B1198523C004B689D /* formula_one.png */,
				BEFD204C1198523C004B689D /* formula_red_light.png */,
				BEFD204D1198523C004B689D /* formula_right_glow.png */,
				BEFD204E1198523C004B689D /* formula_switch_0.png */,
				BEFD204F1198523C004B689D /* formula_switch_1.png */,
				BEFD20501198523C004B689D /* formula_yellow_light.png */,
				BEFD20511198523C004B689D /* formula_zero.png */,
			);
			path = formulaskins;
			sourceTree = "<group>";
		};
/* End PBXGroup section */

/* Begin PBXNativeTarget section */
		1D6058900D05DD3D006BFB54 /* RAMI */ = {
			isa = PBXNativeTarget;
			buildConfigurationList = 1D6058960D05DD3E006BFB54 /* Build configuration list for PBXNativeTarget "RAMI" */;
			buildPhases = (
				1D60588D0D05DD3D006BFB54 /* Resources */,
				1D60588E0D05DD3D006BFB54 /* Sources */,
				1D60588F0D05DD3D006BFB54 /* Frameworks */,
			);
			buildRules = (
			);
			dependencies = (
			);
			name = RAMI;
			productName = RAMI;
			productReference = 1D6058910D05DD3D006BFB54 /* RAMI.app */;
			productType = "com.apple.product-type.application";
		};
/* End PBXNativeTarget section */

/* Begin PBXProject section */
		29B97313FDCFA39411CA2CEA /* Project object */ = {
			isa = PBXProject;
			buildConfigurationList = C01FCF4E08A954540054247B /* Build configuration list for PBXProject "RAMI" */;
			compatibilityVersion = "Xcode 3.1";
			hasScannedForEncodings = 1;
			mainGroup = 29B97314FDCFA39411CA2CEA /* CustomTemplate */;
			projectDirPath = "";
			projectRoot = "";
			targets = (
				1D6058900D05DD3D006BFB54 /* RAMI */,
			);
		};
/* End PBXProject section */

/* Begin PBXResourcesBuildPhase section */
		1D60588D0D05DD3D006BFB54 /* Resources */ = {
			isa = PBXResourcesBuildPhase;
			buildActionMask = 2147483647;
			files = (
				28AD733F0D9D9553002E5188 /* MainWindow.xib in Resources */,
				92B860FD118296E000DC1AB1 /* GameBoardViewController.xib in Resources */,
				92591229118BEC02008C6386 /* candy_0.png in Resources */,
				9259122A118BEC02008C6386 /* candy_1.png in Resources */,
				9259122C118BEC02008C6386 /* left_1_lower.png in Resources */,
				9259122D118BEC02008C6386 /* left_1_upper.png in Resources */,
				9259122E118BEC02008C6386 /* left_2_lower.png in Resources */,
				9259122F118BEC02008C6386 /* left_2_upper.png in Resources */,
				92591231118BEC02008C6386 /* left_3_upper.png in Resources */,
				92591234118BEC02008C6386 /* right_1_lower.png in Resources */,
				92591235118BEC02008C6386 /* right_1_upper.png in Resources */,
				92591236118BEC02008C6386 /* right_2_lower.png in Resources */,
				92591237118BEC02008C6386 /* right_2_upper.png in Resources */,
				92591239118BEC02008C6386 /* right_3_upper.png in Resources */,
				9259123C118BEC02008C6386 /* switch_0.png in Resources */,
				9259123D118BEC02008C6386 /* switch_1.png in Resources */,
				9259123E118BEC02008C6386 /* switch.png in Resources */,
				92591240118BEEBC008C6386 /* candy_dropper.png in Resources */,
				92591244118CC4D9008C6386 /* 1_upper_candy.png in Resources */,
				92591245118CC4D9008C6386 /* 2_upper_candy.png in Resources */,
				92591246118CC4D9008C6386 /* 3_upper_candy.png in Resources */,
				92591248118CC98C008C6386 /* 1_lower_candy.png in Resources */,
				9259124C118CF1B7008C6386 /* 2_lower_candy.png in Resources */,
				9259124D118CF1B7008C6386 /* 3_lower_candy.png in Resources */,
				92591253118CF546008C6386 /* candy_foundation.png in Resources */,
				92591258118CF651008C6386 /* left_3_lower.png in Resources */,
				9259125C118CF726008C6386 /* left_4_lower.png in Resources */,
				9259125D118CF726008C6386 /* right_4_lower.png in Resources */,
				92591260118CF819008C6386 /* left_4_upper.png in Resources */,
				92591261118CF819008C6386 /* right_4_upper.png in Resources */,
				925912F1118D1732008C6386 /* right_3_lower.png in Resources */,
				BE2DB5B61198E758001DBE29 /* blue-ball.gif in Resources */,
				BE8E6870119849C300C81052 /* CasinoBoardViewController.xib in Resources */,
				BE01B1D811984D7000B46AB2 /* FormulaBoardViewController.xib in Resources */,
				BE01B1DE11984F6400B46AB2 /* blue car.gif in Resources */,
				BEFD20521198523C004B689D /* casino_0.png in Resources */,
				BEFD20531198523C004B689D /* casino_1.png in Resources */,
				BEFD20541198523C004B689D /* casino_foundation.png in Resources */,
				BEFD20551198523C004B689D /* casino_left_1_lower.png in Resources */,
				BEFD20561198523C004B689D /* casino_left_1_upper.png in Resources */,
				BEFD20571198523C004B689D /* casino_left_2_lower.png in Resources */,
				BEFD20581198523C004B689D /* casino_left_2_upper.png in Resources */,
				BEFD20591198523C004B689D /* casino_left_3_lower.png in Resources */,
				BEFD205A1198523C004B689D /* casino_left_3_upper.png in Resources */,
				BEFD205B1198523C004B689D /* casino_left_4_lower.png in Resources */,
				BEFD205C1198523C004B689D /* casino_left_4_upper.png in Resources */,
				BEFD205D1198523C004B689D /* casino_one.png in Resources */,
				BEFD205E1198523C004B689D /* casino_releaser.png in Resources */,
				BEFD205F1198523C004B689D /* casino_right_1_lower.png in Resources */,
				BEFD20601198523C004B689D /* casino_right_1_upper.png in Resources */,
				BEFD20611198523C004B689D /* casino_right_2_lower.png in Resources */,
				BEFD20621198523C004B689D /* casino_right_2_upper.png in Resources */,
				BEFD20631198523C004B689D /* casino_right_3_lower.png in Resources */,
				BEFD20641198523C004B689D /* casino_right_3_upper.png in Resources */,
				BEFD20651198523C004B689D /* casino_right_4_lower.png in Resources */,
				BEFD20661198523C004B689D /* casino_right_4_upper.png in Resources */,
				BEFD20671198523C004B689D /* casino_switch_0.png in Resources */,
				BEFD20681198523C004B689D /* casino_switch_1.png in Resources */,
				BEFD20691198523C004B689D /* formula_1_left.png in Resources */,
				BEFD206A1198523C004B689D /* formula_1_right.png in Resources */,
				BEFD206B1198523C004B689D /* formula_2_left.png in Resources */,
				BEFD206C1198523C004B689D /* formula_2_right.png in Resources */,
				BEFD206D1198523C004B689D /* formula_3_left.png in Resources */,
				BEFD206E1198523C004B689D /* formula_3_right.png in Resources */,
				BEFD206F1198523C004B689D /* formula_4_left.png in Resources */,
				BEFD20701198523C004B689D /* formula_4_right.png in Resources */,
				BEFD20711198523C004B689D /* formula_foundation.png in Resources */,
				BEFD20721198523C004B689D /* formula_green_light.png in Resources */,
				BEFD20731198523C004B689D /* formula_left_glow.png in Resources */,
				BEFD20741198523C004B689D /* formula_one.png in Resources */,
				BEFD20751198523C004B689D /* formula_red_light.png in Resources */,
				BEFD20761198523C004B689D /* formula_right_glow.png in Resources */,
				BEFD20771198523C004B689D /* formula_switch_0.png in Resources */,
				BEFD20781198523C004B689D /* formula_switch_1.png in Resources */,
				BEFD20791198523C004B689D /* formula_yellow_light.png in Resources */,
				BEFD207A1198523C004B689D /* formula_zero.png in Resources */,
			);
			runOnlyForDeploymentPostprocessing = 0;
		};
/* End PBXResourcesBuildPhase section */

/* Begin PBXSourcesBuildPhase section */
		1D60588E0D05DD3D006BFB54 /* Sources */ = {
			isa = PBXSourcesBuildPhase;
			buildActionMask = 2147483647;
			files = (
				1D60589B0D05DD56006BFB54 /* main.m in Sources */,
				1D3623260D0F684500981E51 /* RAMIAppDelegate.m in Sources */,
				92B860FC118296E000DC1AB1 /* GameBoardViewController.m in Sources */,
				925912FA118D7A56008C6386 /* FormulaBoardViewController.m in Sources */,
				BE2DB5A91198E677001DBE29 /* Ramp.m in Sources */,
				BE8E686F119849C300C81052 /* CasinoBoardViewController.m in Sources */,
				BEFD208511985369004B689D /* FormulaRamp.m in Sources */,
			);
			runOnlyForDeploymentPostprocessing = 0;
		};
/* End PBXSourcesBuildPhase section */

/* Begin XCBuildConfiguration section */
		1D6058940D05DD3E006BFB54 /* Debug */ = {
			isa = XCBuildConfiguration;
			buildSettings = {
				ALWAYS_SEARCH_USER_PATHS = NO;
				COPY_PHASE_STRIP = NO;
				GCC_DYNAMIC_NO_PIC = NO;
				GCC_OPTIMIZATION_LEVEL = 0;
				GCC_PRECOMPILE_PREFIX_HEADER = YES;
				GCC_PREFIX_HEADER = RAMI_Prefix.pch;
				INFOPLIST_FILE = "RAMI-Info.plist";
				PRODUCT_NAME = RAMI;
			};
			name = Debug;
		};
		1D6058950D05DD3E006BFB54 /* Release */ = {
			isa = XCBuildConfiguration;
			buildSettings = {
				ALWAYS_SEARCH_USER_PATHS = NO;
				COPY_PHASE_STRIP = YES;
				GCC_PRECOMPILE_PREFIX_HEADER = YES;
				GCC_PREFIX_HEADER = RAMI_Prefix.pch;
				INFOPLIST_FILE = "RAMI-Info.plist";
				PRODUCT_NAME = RAMI;
				VALIDATE_PRODUCT = YES;
			};
			name = Release;
		};
		C01FCF4F08A954540054247B /* Debug */ = {
			isa = XCBuildConfiguration;
			buildSettings = {
				"ARCHS[sdk=iphoneos*]" = armv7;
				"ARCHS[sdk=iphonesimulator*]" = i386;
				"CODE_SIGN_IDENTITY[sdk=iphoneos*]" = "iPhone Developer";
				GCC_C_LANGUAGE_STANDARD = c99;
				GCC_WARN_ABOUT_RETURN_TYPE = YES;
				GCC_WARN_UNUSED_VARIABLE = YES;
				PREBINDING = NO;
				SDKROOT = iphoneos3.2;
				TARGETED_DEVICE_FAMILY = 2;
			};
			name = Debug;
		};
		C01FCF5008A954540054247B /* Release */ = {
			isa = XCBuildConfiguration;
			buildSettings = {
				"ARCHS[sdk=iphoneos*]" = armv7;
				"ARCHS[sdk=iphonesimulator*]" = i386;
				"CODE_SIGN_IDENTITY[sdk=iphoneos*]" = "iPhone Developer";
				GCC_C_LANGUAGE_STANDARD = c99;
				GCC_WARN_ABOUT_RETURN_TYPE = YES;
				GCC_WARN_UNUSED_VARIABLE = YES;
				OTHER_CFLAGS = "-DNS_BLOCK_ASSERTIONS=1";
				PREBINDING = NO;
				SDKROOT = iphoneos3.2;
				TARGETED_DEVICE_FAMILY = 2;
			};
			name = Release;
		};
/* End XCBuildConfiguration section */

/* Begin XCConfigurationList section */
		1D6058960D05DD3E006BFB54 /* Build configuration list for PBXNativeTarget "RAMI" */ = {
			isa = XCConfigurationList;
			buildConfigurations = (
				1D6058940D05DD3E006BFB54 /* Debug */,
				1D6058950D05DD3E006BFB54 /* Release */,
			);
			defaultConfigurationIsVisible = 0;
			defaultConfigurationName = Release;
		};
		C01FCF4E08A954540054247B /* Build configuration list for PBXProject "RAMI" */ = {
			isa = XCConfigurationList;
			buildConfigurations = (
				C01FCF4F08A954540054247B /* Debug */,
				C01FCF5008A954540054247B /* Release */,
			);
			defaultConfigurationIsVisible = 0;
			defaultConfigurationName = Release;
		};
/* End XCConfigurationList section */
	};
	rootObject = 29B97313FDCFA39411CA2CEA /* Project object */;
}
